
Microsoft Visual Studio Solution File, Format Version 12.00
# Visual Studio Version 17
VisualStudioVersion = 17.13.35806.99 d17.13
MinimumVisualStudioVersion = 10.0.40219.1
Project("{888888A0-9F3D-457C-B088-3A5042F75D52}") = "Jun_Task_CV_YOLO", "Jun_Task_CV_YOLO\Jun_Task_CV_YOLO.pyproj", "{BF009274-4241-40E5-9990-27B147F5507C}"
EndProject
Global
	GlobalSection(SolutionConfigurationPlatforms) = preSolution
		Debug|Any CPU = Debug|Any CPU
		Release|Any CPU = Release|Any CPU
	EndGlobalSection
	GlobalSection(ProjectConfigurationPlatforms) = postSolution
		{BF009274-4241-40E5-9990-27B147F5507C}.Debug|Any CPU.ActiveCfg = Debug|Any CPU
		{BF009274-4241-40E5-9990-27B147F5507C}.Release|Any CPU.ActiveCfg = Release|Any CPU
	EndGlobalSection
	GlobalSection(SolutionProperties) = preSolution
		HideSolutionNode = FALSE
	EndGlobalSection
	GlobalSection(ExtensibilityGlobals) = postSolution
		SolutionGuid = {85E58DD1-CA10-4E04-90B5-2BDEF3341B90}
	EndGlobalSection
EndGlobal
